
Microsoft Visual Studio Solution File, Format Version 12.00
# Visual Studio Version 16
VisualStudioVersion = 16.0.30413.136
MinimumVisualStudioVersion = 10.0.40219.1
Project("{FAE04EC0-301F-11D3-BF4B-00C04F79EFBC}") = "PD_Observer_DulceJasminVillalobosPerez", "PD_Observer_DulceJasminVillalobosPerez\PD_Observer_DulceJasminVillalobosPerez.csproj", "{77F6A04E-A03C-4262-A38A-810074EEFB21}"
EndProject
Global
	GlobalSection(SolutionConfigurationPlatforms) = preSolution
		Debug|Any CPU = Debug|Any CPU
		Release|Any CPU = Release|Any CPU
	EndGlobalSection
	GlobalSection(ProjectConfigurationPlatforms) = postSolution
		{77F6A04E-A03C-4262-A38A-810074EEFB21}.Debug|Any CPU.ActiveCfg = Debug|Any CPU
		{77F6A04E-A03C-4262-A38A-810074EEFB21}.Debug|Any CPU.Build.0 = Debug|Any CPU
		{77F6A04E-A03C-4262-A38A-810074EEFB21}.Release|Any CPU.ActiveCfg = Release|Any CPU
		{77F6A04E-A03C-4262-A38A-810074EEFB21}.Release|Any CPU.Build.0 = Release|Any CPU
	EndGlobalSection
	GlobalSection(SolutionProperties) = preSolution
		HideSolutionNode = FALSE
	EndGlobalSection
	GlobalSection(ExtensibilityGlobals) = postSolution
		SolutionGuid = {FFDA096E-4676-41C0-B0A1-2880935719FF}
	EndGlobalSection
EndGlobal
